// !$*UTF8*$!
{
	archiveVersion = 1;
	classes = {
	};
	objectVersion = 46;
	objects = {

/* Begin PBXBuildFile section */
		7E89C4D91973C6EC0047C288 /* Foundation.framework in Frameworks */ = {isa = PBXBuildFile; fileRef = 7E89C4D81973C6EC0047C288 /* Foundation.framework */; };
		7E89C4DB1973C6EC0047C288 /* CoreGraphics.framework in Frameworks */ = {isa = PBXBuildFile; fileRef = 7E89C4DA1973C6EC0047C288 /* CoreGraphics.framework */; };
		7E89C4DD1973C6EC0047C288 /* UIKit.framework in Frameworks */ = {isa = PBXBuildFile; fileRef = 7E89C4DC1973C6EC0047C288 /* UIKit.framework */; };
		7E89C4E31973C6EC0047C288 /* InfoPlist.strings in Resources */ = {isa = PBXBuildFile; fileRef = 7E89C4E11973C6EC0047C288 /* InfoPlist.strings */; };
		7E89C4E51973C6EC0047C288 /* main.m in Sources */ = {isa = PBXBuildFile; fileRef = 7E89C4E41973C6EC0047C288 /* main.m */; };
		7E89C4E91973C6EC0047C288 /* AppDelegate.m in Sources */ = {isa = PBXBuildFile; fileRef = 7E89C4E81973C6EC0047C288 /* AppDelegate.m */; };
		7E89C4EC1973C6EC0047C288 /* Main_iPhone.storyboard in Resources */ = {isa = PBXBuildFile; fileRef = 7E89C4EA1973C6EC0047C288 /* Main_iPhone.storyboard */; };
		7E89C4EF1973C6EC0047C288 /* Main_iPad.storyboard in Resources */ = {isa = PBXBuildFile; fileRef = 7E89C4ED1973C6EC0047C288 /* Main_iPad.storyboard */; };
		7E89C4F21973C6EC0047C288 /* ViewController.m in Sources */ = {isa = PBXBuildFile; fileRef = 7E89C4F11973C6EC0047C288 /* ViewController.m */; };
		7E89C4F41973C6EC0047C288 /* Images.xcassets in Resources */ = {isa = PBXBuildFile; fileRef = 7E89C4F31973C6EC0047C288 /* Images.xcassets */; };
		7E89C4FB1973C6EC0047C288 /* XCTest.framework in Frameworks */ = {isa = PBXBuildFile; fileRef = 7E89C4FA1973C6EC0047C288 /* XCTest.framework */; };
		7E89C4FC1973C6EC0047C288 /* Foundation.framework in Frameworks */ = {isa = PBXBuildFile; fileRef = 7E89C4D81973C6EC0047C288 /* Foundation.framework */; };
		7E89C4FD1973C6EC0047C288 /* UIKit.framework in Frameworks */ = {isa = PBXBuildFile; fileRef = 7E89C4DC1973C6EC0047C288 /* UIKit.framework */; };
		7E89C5051973C6EC0047C288 /* InfoPlist.strings in Resources */ = {isa = PBXBuildFile; fileRef = 7E89C5031973C6EC0047C288 /* InfoPlist.strings */; };
		7E89C5071973C6EC0047C288 /* TestGitFlowTests.m in Sources */ = {isa = PBXBuildFile; fileRef = 7E89C5061973C6EC0047C288 /* TestGitFlowTests.m */; };
/* End PBXBuildFile section */

/* Begin PBXContainerItemProxy section */
		7E89C4FE1973C6EC0047C288 /* PBXContainerItemProxy */ = {
			isa = PBXContainerItemProxy;
			containerPortal = 7E89C4CD1973C6EC0047C288 /* Project object */;
			proxyType = 1;
			remoteGlobalIDString = 7E89C4D41973C6EC0047C288;
			remoteInfo = TestGitFlow;
		};
/* End PBXContainerItemProxy section */

/* Begin PBXFileReference section */
		7E89C4D51973C6EC0047C288 /* TestGitFlow.app */ = {isa = PBXFileReference; explicitFileType = wrapper.application; includeInIndex = 0; path = TestGitFlow.app; sourceTree = BUILT_PRODUCTS_DIR; };
		7E89C4D81973C6EC0047C288 /* Foundation.framework */ = {isa = PBXFileReference; lastKnownFileType = wrapper.framework; name = Foundation.framework; path = System/Library/Frameworks/Foundation.framework; sourceTree = SDKROOT; };
		7E89C4DA1973C6EC0047C288 /* CoreGraphics.framework */ = {isa = PBXFileReference; lastKnownFileType = wrapper.framework; name = CoreGraphics.framework; path = System/Library/Frameworks/CoreGraphics.framework; sourceTree = SDKROOT; };
		7E89C4DC1973C6EC0047C288 /* UIKit.framework */ = {isa = PBXFileReference; lastKnownFileType = wrapper.framework; name = UIKit.framework; path = System/Library/Frameworks/UIKit.framework; sourceTree = SDKROOT; };
		7E89C4E01973C6EC0047C288 /* TestGitFlow-Info.plist */ = {isa = PBXFileReference; lastKnownFileType = text.plist.xml; path = "TestGitFlow-Info.plist"; sourceTree = "<group>"; };
		7E89C4E21973C6EC0047C288 /* en */ = {isa = PBXFileReference; lastKnownFileType = text.plist.strings; name = en; path = en.lproj/InfoPlist.strings; sourceTree = "<group>"; };
		7E89C4E41973C6EC0047C288 /* main.m */ = {isa = PBXFileReference; lastKnownFileType = sourcecode.c.objc; path = main.m; sourceTree = "<group>"; };
		7E89C4E61973C6EC0047C288 /* TestGitFlow-Prefix.pch */ = {isa = PBXFileReference; lastKnownFileType = sourcecode.c.h; path = "TestGitFlow-Prefix.pch"; sourceTree = "<group>"; };
		7E89C4E71973C6EC0047C288 /* AppDelegate.h */ = {isa = PBXFileReference; lastKnownFileType = sourcecode.c.h; path = AppDelegate.h; sourceTree = "<group>"; };
		7E89C4E81973C6EC0047C288 /* AppDelegate.m */ = {isa = PBXFileReference; lastKnownFileType = sourcecode.c.objc; path = AppDelegate.m; sourceTree = "<group>"; };
		7E89C4EB1973C6EC0047C288 /* Base */ = {isa = PBXFileReference; lastKnownFileType = file.storyboard; name = Base; path = Base.lproj/Main_iPhone.storyboard; sourceTree = "<group>"; };
		7E89C4EE1973C6EC0047C288 /* Base */ = {isa = PBXFileReference; lastKnownFileType = file.storyboard; name = Base; path = Base.lproj/Main_iPad.storyboard; sourceTree = "<group>"; };
		7E89C4F01973C6EC0047C288 /* ViewController.h */ = {isa = PBXFileReference; lastKnownFileType = sourcecode.c.h; path = ViewController.h; sourceTree = "<group>"; };
		7E89C4F11973C6EC0047C288 /* ViewController.m */ = {isa = PBXFileReference; lastKnownFileType = sourcecode.c.objc; path = ViewController.m; sourceTree = "<group>"; };
		7E89C4F31973C6EC0047C288 /* Images.xcassets */ = {isa = PBXFileReference; lastKnownFileType = folder.assetcatalog; path = Images.xcassets; sourceTree = "<group>"; };
		7E89C4F91973C6EC0047C288 /* TestGitFlowTests.xctest */ = {isa = PBXFileReference; explicitFileType = wrapper.cfbundle; includeInIndex = 0; path = TestGitFlowTests.xctest; sourceTree = BUILT_PRODUCTS_DIR; };
		7E89C4FA1973C6EC0047C288 /* XCTest.framework */ = {isa = PBXFileReference; lastKnownFileType = wrapper.framework; name = XCTest.framework; path = Library/Frameworks/XCTest.framework; sourceTree = DEVELOPER_DIR; };
		7E89C5021973C6EC0047C288 /* TestGitFlowTests-Info.plist */ = {isa = PBXFileReference; lastKnownFileType = text.plist.xml; path = "TestGitFlowTests-Info.plist"; sourceTree = "<group>"; };
		7E89C5041973C6EC0047C288 /* en */ = {isa = PBXFileReference; lastKnownFileType = text.plist.strings; name = en; path = en.lproj/InfoPlist.strings; sourceTree = "<group>"; };
		7E89C5061973C6EC0047C288 /* TestGitFlowTests.m */ = {isa = PBXFileReference; lastKnownFileType = sourcecode.c.objc; path = TestGitFlowTests.m; sourceTree = "<group>"; };
/* End PBXFileReference section */

/* Begin PBXFrameworksBuildPhase section */
		7E89C4D21973C6EC0047C288 /* Frameworks */ = {
			isa = PBXFrameworksBuildPhase;
			buildActionMask = 2147483647;
			files = (
				7E89C4DB1973C6EC0047C288 /* CoreGraphics.framework in Frameworks */,
				7E89C4DD1973C6EC0047C288 /* UIKit.framework in Frameworks */,
				7E89C4D91973C6EC0047C288 /* Foundation.framework in Frameworks */,
			);
			runOnlyForDeploymentPostprocessing = 0;
		};
		7E89C4F61973C6EC0047C288 /* Frameworks */ = {
			isa = PBXFrameworksBuildPhase;
			buildActionMask = 2147483647;
			files = (
				7E89C4FB1973C6EC0047C288 /* XCTest.framework in Frameworks */,
				7E89C4FD1973C6EC0047C288 /* UIKit.framework in Frameworks */,
				7E89C4FC1973C6EC0047C288 /* Foundation.framework in Frameworks */,
			);
			runOnlyForDeploymentPostprocessing = 0;
		};
/* End PBXFrameworksBuildPhase section */

/* Begin PBXGroup section */
		7E89C4CC1973C6EC0047C288 = {
			isa = PBXGroup;
			children = (
				7E89C4DE1973C6EC0047C288 /* TestGitFlow */,
				7E89C5001973C6EC0047C288 /* TestGitFlowTests */,
				7E89C4D71973C6EC0047C288 /* Frameworks */,
				7E89C4D61973C6EC0047C288 /* Products */,
			);
			sourceTree = "<group>";
		};
		7E89C4D61973C6EC0047C288 /* Products */ = {
			isa = PBXGroup;
			children = (
				7E89C4D51973C6EC0047C288 /* TestGitFlow.app */,
				7E89C4F91973C6EC0047C288 /* TestGitFlowTests.xctest */,
			);
			name = Products;
			sourceTree = "<group>";
		};
		7E89C4D71973C6EC0047C288 /* Frameworks */ = {
			isa = PBXGroup;
			children = (
				7E89C4D81973C6EC0047C288 /* Foundation.framework */,
				7E89C4DA1973C6EC0047C288 /* CoreGraphics.framework */,
				7E89C4DC1973C6EC0047C288 /* UIKit.framework */,
				7E89C4FA1973C6EC0047C288 /* XCTest.framework */,
			);
			name = Frameworks;
			sourceTree = "<group>";
		};
		7E89C4DE1973C6EC0047C288 /* TestGitFlow */ = {
			isa = PBXGroup;
			children = (
				7E89C4E71973C6EC0047C288 /* AppDelegate.h */,
				7E89C4E81973C6EC0047C288 /* AppDelegate.m */,
				7E89C4EA1973C6EC0047C288 /* Main_iPhone.storyboard */,
				7E89C4ED1973C6EC0047C288 /* Main_iPad.storyboard */,
				7E89C4F01973C6EC0047C288 /* ViewController.h */,
				7E89C4F11973C6EC0047C288 /* ViewController.m */,
				7E89C4F31973C6EC0047C288 /* Images.xcassets */,
				7E89C4DF1973C6EC0047C288 /* Supporting Files */,
			);
			path = TestGitFlow;
			sourceTree = "<group>";
		};
		7E89C4DF1973C6EC0047C288 /* Supporting Files */ = {
			isa = PBXGroup;
			children = (
				7E89C4E01973C6EC0047C288 /* TestGitFlow-Info.plist */,
				7E89C4E11973C6EC0047C288 /* InfoPlist.strings */,
				7E89C4E41973C6EC0047C288 /* main.m */,
				7E89C4E61973C6EC0047C288 /* TestGitFlow-Prefix.pch */,
			);
			name = "Supporting Files";
			sourceTree = "<group>";
		};
		7E89C5001973C6EC0047C288 /* TestGitFlowTests */ = {
			isa = PBXGroup;
			children = (
				7E89C5061973C6EC0047C288 /* TestGitFlowTests.m */,
				7E89C5011973C6EC0047C288 /* Supporting Files */,
			);
			path = TestGitFlowTests;
			sourceTree = "<group>";
		};
		7E89C5011973C6EC0047C288 /* Supporting Files */ = {
			isa = PBXGroup;
			children = (
				7E89C5021973C6EC0047C288 /* TestGitFlowTests-Info.plist */,
				7E89C5031973C6EC0047C288 /* InfoPlist.strings */,
			);
			name = "Supporting Files";
			sourceTree = "<group>";
		};
/* End PBXGroup section */

/* Begin PBXNativeTarget section */
		7E89C4D41973C6EC0047C288 /* TestGitFlow */ = {
			isa = PBXNativeTarget;
			buildConfigurationList = 7E89C50A1973C6EC0047C288 /* Build configuration list for PBXNativeTarget "TestGitFlow" */;
			buildPhases = (
				7E89C4D11973C6EC0047C288 /* Sources */,
				7E89C4D21973C6EC0047C288 /* Frameworks */,
				7E89C4D31973C6EC0047C288 /* Resources */,
			);
			buildRules = (
			);
			dependencies = (
			);
			name = TestGitFlow;
			productName = TestGitFlow;
			productReference = 7E89C4D51973C6EC0047C288 /* TestGitFlow.app */;
			productType = "com.apple.product-type.application";
		};
		7E89C4F81973C6EC0047C288 /* TestGitFlowTests */ = {
			isa = PBXNativeTarget;
			buildConfigurationList = 7E89C50D1973C6EC0047C288 /* Build configuration list for PBXNativeTarget "TestGitFlowTests" */;
			buildPhases = (
				7E89C4F51973C6EC0047C288 /* Sources */,
				7E89C4F61973C6EC0047C288 /* Frameworks */,
				7E89C4F71973C6EC0047C288 /* Resources */,
			);
			buildRules = (
			);
			dependencies = (
				7E89C4FF1973C6EC0047C288 /* PBXTargetDependency */,
			);
			name = TestGitFlowTests;
			productName = TestGitFlowTests;
			productReference = 7E89C4F91973C6EC0047C288 /* TestGitFlowTests.xctest */;
			productType = "com.apple.product-type.bundle.unit-test";
		};
/* End PBXNativeTarget section */

/* Begin PBXProject section */
		7E89C4CD1973C6EC0047C288 /* Project object */ = {
			isa = PBXProject;
			attributes = {
				LastUpgradeCheck = 0510;
				ORGANIZATIONNAME = poketoapp;
				TargetAttributes = {
					7E89C4F81973C6EC0047C288 = {
						TestTargetID = 7E89C4D41973C6EC0047C288;
					};
				};
			};
			buildConfigurationList = 7E89C4D01973C6EC0047C288 /* Build configuration list for PBXProject "TestGitFlow" */;
			compatibilityVersion = "Xcode 3.2";
			developmentRegion = English;
			hasScannedForEncodings = 0;
			knownRegions = (
				en,
				Base,
			);
			mainGroup = 7E89C4CC1973C6EC0047C288;
			productRefGroup = 7E89C4D61973C6EC0047C288 /* Products */;
			projectDirPath = "";
			projectRoot = "";
			targets = (
				7E89C4D41973C6EC0047C288 /* TestGitFlow */,
				7E89C4F81973C6EC0047C288 /* TestGitFlowTests */,
			);
		};
/* End PBXProject section */

/* Begin PBXResourcesBuildPhase section */
		7E89C4D31973C6EC0047C288 /* Resources */ = {
			isa = PBXResourcesBuildPhase;
			buildActionMask = 2147483647;
			files = (
				7E89C4EF1973C6EC0047C288 /* Main_iPad.storyboard in Resources */,
				7E89C4F41973C6EC0047C288 /* Images.xcassets in Resources */,
				7E89C4EC1973C6EC0047C288 /* Main_iPhone.storyboard in Resources */,
				7E89C4E31973C6EC0047C288 /* InfoPlist.strings in Resources */,
			);
			runOnlyForDeploymentPostprocessing = 0;
		};
		7E89C4F71973C6EC0047C288 /* Resources */ = {
			isa = PBXResourcesBuildPhase;
			buildActionMask = 2147483647;
			files = (
				7E89C5051973C6EC0047C288 /* InfoPlist.strings in Resources */,
			);
			runOnlyForDeploymentPostprocessing = 0;
		};
/* End PBXResourcesBuildPhase section */

/* Begin PBXSourcesBuildPhase section */
		7E89C4D11973C6EC0047C288 /* Sources */ = {
			isa = PBXSourcesBuildPhase;
			buildActionMask = 2147483647;
			files = (
				7E89C4F21973C6EC0047C288 /* ViewController.m in Sources */,
				7E89C4E91973C6EC0047C288 /* AppDelegate.m in Sources */,
				7E89C4E51973C6EC0047C288 /* main.m in Sources */,
			);
			runOnlyForDeploymentPostprocessing = 0;
		};
		7E89C4F51973C6EC0047C288 /* Sources */ = {
			isa = PBXSourcesBuildPhase;
			buildActionMask = 2147483647;
			files = (
				7E89C5071973C6EC0047C288 /* TestGitFlowTests.m in Sources */,
			);
			runOnlyForDeploymentPostprocessing = 0;
		};
/* End PBXSourcesBuildPhase section */

/* Begin PBXTargetDependency section */
		7E89C4FF1973C6EC0047C288 /* PBXTargetDependency */ = {
			isa = PBXTargetDependency;
			target = 7E89C4D41973C6EC0047C288 /* TestGitFlow */;
			targetProxy = 7E89C4FE1973C6EC0047C288 /* PBXContainerItemProxy */;
		};
/* End PBXTargetDependency section */

/* Begin PBXVariantGroup section */
		7E89C4E11973C6EC0047C288 /* InfoPlist.strings */ = {
			isa = PBXVariantGroup;
			children = (
				7E89C4E21973C6EC0047C288 /* en */,
			);
			name = InfoPlist.strings;
			sourceTree = "<group>";
		};
		7E89C4EA1973C6EC0047C288 /* Main_iPhone.storyboard */ = {
			isa = PBXVariantGroup;
			children = (
				7E89C4EB1973C6EC0047C288 /* Base */,
			);
			name = Main_iPhone.storyboard;
			sourceTree = "<group>";
		};
		7E89C4ED1973C6EC0047C288 /* Main_iPad.storyboard */ = {
			isa = PBXVariantGroup;
			children = (
				7E89C4EE1973C6EC0047C288 /* Base */,
			);
			name = Main_iPad.storyboard;
			sourceTree = "<group>";
		};
		7E89C5031973C6EC0047C288 /* InfoPlist.strings */ = {
			isa = PBXVariantGroup;
			children = (
				7E89C5041973C6EC0047C288 /* en */,
			);
			name = InfoPlist.strings;
			sourceTree = "<group>";
		};
/* End PBXVariantGroup section */

/* Begin XCBuildConfiguration section */
		7E89C5081973C6EC0047C288 /* Debug */ = {
			isa = XCBuildConfiguration;
			buildSettings = {
				ALWAYS_SEARCH_USER_PATHS = NO;
				CLANG_CXX_LANGUAGE_STANDARD = "gnu++0x";
				CLANG_CXX_LIBRARY = "libc++";
				CLANG_ENABLE_MODULES = YES;
				CLANG_ENABLE_OBJC_ARC = YES;
				CLANG_WARN_BOOL_CONVERSION = YES;
				CLANG_WARN_CONSTANT_CONVERSION = YES;
				CLANG_WARN_DIRECT_OBJC_ISA_USAGE = YES_ERROR;
				CLANG_WARN_EMPTY_BODY = YES;
				CLANG_WARN_ENUM_CONVERSION = YES;
				CLANG_WARN_INT_CONVERSION = YES;
				CLANG_WARN_OBJC_ROOT_CLASS = YES_ERROR;
				CLANG_WARN__DUPLICATE_METHOD_MATCH = YES;
				"CODE_SIGN_IDENTITY[sdk=iphoneos*]" = "iPhone Developer";
				COPY_PHASE_STRIP = NO;
				GCC_C_LANGUAGE_STANDARD = gnu99;
				GCC_DYNAMIC_NO_PIC = NO;
				GCC_OPTIMIZATION_LEVEL = 0;
				GCC_PREPROCESSOR_DEFINITIONS = (
					"DEBUG=1",
					"$(inherited)",
				);
				GCC_SYMBOLS_PRIVATE_EXTERN = NO;
				GCC_WARN_64_TO_32_BIT_CONVERSION = YES;
				GCC_WARN_ABOUT_RETURN_TYPE = YES_ERROR;
				GCC_WARN_UNDECLARED_SELECTOR = YES;
				GCC_WARN_UNINITIALIZED_AUTOS = YES_AGGRESSIVE;
				GCC_WARN_UNUSED_FUNCTION = YES;
				GCC_WARN_UNUSED_VARIABLE = YES;
				IPHONEOS_DEPLOYMENT_TARGET = 7.1;
				ONLY_ACTIVE_ARCH = YES;
				SDKROOT = iphoneos;
				TARGETED_DEVICE_FAMILY = "1,2";
			};
			name = Debug;
		};
		7E89C5091973C6EC0047C288 /* Release */ = {
			isa = XCBuildConfiguration;
			buildSettings = {
				ALWAYS_SEARCH_USER_PATHS = NO;
				CLANG_CXX_LANGUAGE_STANDARD = "gnu++0x";
				CLANG_CXX_LIBRARY = "libc++";
				CLANG_ENABLE_MODULES = YES;
				CLANG_ENABLE_OBJC_ARC = YES;
				CLANG_WARN_BOOL_CONVERSION = YES;
				CLANG_WARN_CONSTANT_CONVERSION = YES;
				CLANG_WARN_DIRECT_OBJC_ISA_USAGE = YES_ERROR;
				CLANG_WARN_EMPTY_BODY = YES;
				CLANG_WARN_ENUM_CONVERSION = YES;
				CLANG_WARN_INT_CONVERSION = YES;
				CLANG_WARN_OBJC_ROOT_CLASS = YES_ERROR;
				CLANG_WARN__DUPLICATE_METHOD_MATCH = YES;
				"CODE_SIGN_IDENTITY[sdk=iphoneos*]" = "iPhone Developer";
				COPY_PHASE_STRIP = YES;
				ENABLE_NS_ASSERTIONS = NO;
				GCC_C_LANGUAGE_STANDARD = gnu99;
				GCC_WARN_64_TO_32_BIT_CONVERSION = YES;
				GCC_WARN_ABOUT_RETURN_TYPE = YES_ERROR;
				GCC_WARN_UNDECLARED_SELECTOR = YES;
				GCC_WARN_UNINITIALIZED_AUTOS = YES_AGGRESSIVE;
				GCC_WARN_UNUSED_FUNCTION = YES;
				GCC_WARN_UNUSED_VARIABLE = YES;
				IPHONEOS_DEPLOYMENT_TARGET = 7.1;
				SDKROOT = iphoneos;
				TARGETED_DEVICE_FAMILY = "1,2";
				VALIDATE_PRODUCT = YES;
			};
			name = Release;
		};
		7E89C50B1973C6EC0047C288 /* Debug */ = {
			isa = XCBuildConfiguration;
			buildSettings = {
				ASSETCATALOG_COMPILER_APPICON_NAME = AppIcon;
				ASSETCATALOG_COMPILER_LAUNCHIMAGE_NAME = LaunchImage;
				GCC_PRECOMPILE_PREFIX_HEADER = YES;
				GCC_PREFIX_HEADER = "TestGitFlow/TestGitFlow-Prefix.pch";
				INFOPLIST_FILE = "TestGitFlow/TestGitFlow-Info.plist";
				PRODUCT_NAME = "$(TARGET_NAME)";
				WRAPPER_EXTENSION = app;
			};
			name = Debug;
		};
		7E89C50C1973C6EC0047C288 /* Release */ = {
			isa = XCBuildConfiguration;
			buildSettings = {
				ASSETCATALOG_COMPILER_APPICON_NAME = AppIcon;
				ASSETCATALOG_COMPILER_LAUNCHIMAGE_NAME = LaunchImage;
				GCC_PRECOMPILE_PREFIX_HEADER = YES;
				GCC_PREFIX_HEADER = "TestGitFlow/TestGitFlow-Prefix.pch";
				INFOPLIST_FILE = "TestGitFlow/TestGitFlow-Info.plist";
				PRODUCT_NAME = "$(TARGET_NAME)";
				WRAPPER_EXTENSION = app;
			};
			name = Release;
		};
		7E89C50E1973C6EC0047C288 /* Debug */ = {
			isa = XCBuildConfiguration;
			buildSettings = {
				BUNDLE_LOADER = "$(BUILT_PRODUCTS_DIR)/TestGitFlow.app/TestGitFlow";
				FRAMEWORK_SEARCH_PATHS = (
					"$(SDKROOT)/Developer/Library/Frameworks",
					"$(inherited)",
					"$(DEVELOPER_FRAMEWORKS_DIR)",
				);
				GCC_PRECOMPILE_PREFIX_HEADER = YES;
				GCC_PREFIX_HEADER = "TestGitFlow/TestGitFlow-Prefix.pch";
				GCC_PREPROCESSOR_DEFINITIONS = (
					"DEBUG=1",
					"$(inherited)",
				);
				INFOPLIST_FILE = "TestGitFlowTests/TestGitFlowTests-Info.plist";
				PRODUCT_NAME = "$(TARGET_NAME)";
				TEST_HOST = "$(BUNDLE_LOADER)";
				WRAPPER_EXTENSION = xctest;
			};
			name = Debug;
		};
		7E89C50F1973C6EC0047C288 /* Release */ = {
			isa = XCBuildConfiguration;
			buildSettings = {
				BUNDLE_LOADER = "$(BUILT_PRODUCTS_DIR)/TestGitFlow.app/TestGitFlow";
				FRAMEWORK_SEARCH_PATHS = (
					"$(SDKROOT)/Developer/Library/Frameworks",
					"$(inherited)",
					"$(DEVELOPER_FRAMEWORKS_DIR)",
				);
				GCC_PRECOMPILE_PREFIX_HEADER = YES;
				GCC_PREFIX_HEADER = "TestGitFlow/TestGitFlow-Prefix.pch";
				INFOPLIST_FILE = "TestGitFlowTests/TestGitFlowTests-Info.plist";
				PRODUCT_NAME = "$(TARGET_NAME)";
				TEST_HOST = "$(BUNDLE_LOADER)";
				WRAPPER_EXTENSION = xctest;
			};
			name = Release;
		};
/* End XCBuildConfiguration section */

/* Begin XCConfigurationList section */
		7E89C4D01973C6EC0047C288 /* Build configuration list for PBXProject "TestGitFlow" */ = {
			isa = XCConfigurationList;
			buildConfigurations = (
				7E89C5081973C6EC0047C288 /* Debug */,
				7E89C5091973C6EC0047C288 /* Release */,
			);
			defaultConfigurationIsVisible = 0;
			defaultConfigurationName = Release;
		};
		7E89C50A1973C6EC0047C288 /* Build configuration list for PBXNativeTarget "TestGitFlow" */ = {
			isa = XCConfigurationList;
			buildConfigurations = (
				7E89C50B1973C6EC0047C288 /* Debug */,
				7E89C50C1973C6EC0047C288 /* Release */,
			);
			defaultConfigurationIsVisible = 0;
		};
		7E89C50D1973C6EC0047C288 /* Build configuration list for PBXNativeTarget "TestGitFlowTests" */ = {
			isa = XCConfigurationList;
			buildConfigurations = (
				7E89C50E1973C6EC0047C288 /* Debug */,
				7E89C50F1973C6EC0047C288 /* Release */,
			);
			defaultConfigurationIsVisible = 0;
		};
/* End XCConfigurationList section */
	};
	rootObject = 7E89C4CD1973C6EC0047C288 /* Project object */;
}
